
Microsoft Visual Studio Solution File, Format Version 12.00
# Visual Studio Version 16
VisualStudioVersion = 16.0.29609.76
MinimumVisualStudioVersion = 10.0.40219.1
Project("{9A19103F-16F7-4668-BE54-9A1E7A4F7556}") = "Spg.TicketShop.Api", "src\Spg.TicketShop.Api\Spg.TicketShop.Api.csproj", "{DA01125F-2139-46D3-A6F8-73721191141C}"
EndProject
Project("{9A19103F-16F7-4668-BE54-9A1E7A4F7556}") = "Spg.TicketShop.DomainModel", "src\Spg.TicketShop.DomainModel\Spg.TicketShop.DomainModel.csproj", "{A7CBE41C-A0E7-40D5-B74D-BB9062EDA6D9}"
EndProject
Project("{FAE04EC0-301F-11D3-BF4B-00C04F79EFBC}") = "Spg.TicketShop.WpfBackEnd", "src\Spg.TicketShop.WpfBackEnd\Spg.TicketShop.WpfBackEnd.csproj", "{008E89AE-847C-45C6-9FFB-6B33F3EE1074}"
EndProject
Project("{9A19103F-16F7-4668-BE54-9A1E7A4F7556}") = "Spg.TicketShop.Core", "src\Spg.TicketShop.Core\Spg.TicketShop.Core.csproj", "{83E8730B-0A4B-4CCE-B04B-2198EE6E020B}"
EndProject
Project("{FAE04EC0-301F-11D3-BF4B-00C04F79EFBC}") = "Spg.TicketShop.App.UWP", "src\Spg.TicketShop.App\Spg.TicketShop.App.UWP\Spg.TicketShop.App.UWP.csproj", "{BC1839BC-E468-4237-82DE-036D212D503B}"
EndProject
Project("{FAE04EC0-301F-11D3-BF4B-00C04F79EFBC}") = "Spg.TicketShop.App.Android", "src\Spg.TicketShop.App\Spg.TicketShop.App.Android\Spg.TicketShop.App.Android.csproj", "{56BC149E-7154-4CF8-A25E-FA5EB7BE6721}"
EndProject
Project("{FAE04EC0-301F-11D3-BF4B-00C04F79EFBC}") = "Spg.TicketShop.App", "src\Spg.TicketShop.App\Spg.TicketShop.App\Spg.TicketShop.App.csproj", "{18B15942-327A-4F39-9184-FA0B97238FA7}"
EndProject
Global
	GlobalSection(SolutionConfigurationPlatforms) = preSolution
		Debug|Any CPU = Debug|Any CPU
		Debug|ARM = Debug|ARM
		Debug|x64 = Debug|x64
		Debug|x86 = Debug|x86
		Release|Any CPU = Release|Any CPU
		Release|ARM = Release|ARM
		Release|x64 = Release|x64
		Release|x86 = Release|x86
	EndGlobalSection
	GlobalSection(ProjectConfigurationPlatforms) = postSolution
		{DA01125F-2139-46D3-A6F8-73721191141C}.Debug|Any CPU.ActiveCfg = Debug|Any CPU
		{DA01125F-2139-46D3-A6F8-73721191141C}.Debug|Any CPU.Build.0 = Debug|Any CPU
		{DA01125F-2139-46D3-A6F8-73721191141C}.Debug|ARM.ActiveCfg = Debug|Any CPU
		{DA01125F-2139-46D3-A6F8-73721191141C}.Debug|ARM.Build.0 = Debug|Any CPU
		{DA01125F-2139-46D3-A6F8-73721191141C}.Debug|x64.ActiveCfg = Debug|Any CPU
		{DA01125F-2139-46D3-A6F8-73721191141C}.Debug|x64.Build.0 = Debug|Any CPU
		{DA01125F-2139-46D3-A6F8-73721191141C}.Debug|x86.ActiveCfg = Debug|Any CPU
		{DA01125F-2139-46D3-A6F8-73721191141C}.Debug|x86.Build.0 = Debug|Any CPU
		{DA01125F-2139-46D3-A6F8-73721191141C}.Release|Any CPU.ActiveCfg = Release|Any CPU
		{DA01125F-2139-46D3-A6F8-73721191141C}.Release|Any CPU.Build.0 = Release|Any CPU
		{DA01125F-2139-46D3-A6F8-73721191141C}.Release|ARM.ActiveCfg = Release|Any CPU
		{DA01125F-2139-46D3-A6F8-73721191141C}.Release|ARM.Build.0 = Release|Any CPU
		{DA01125F-2139-46D3-A6F8-73721191141C}.Release|x64.ActiveCfg = Release|Any CPU
		{DA01125F-2139-46D3-A6F8-73721191141C}.Release|x64.Build.0 = Release|Any CPU
		{DA01125F-2139-46D3-A6F8-73721191141C}.Release|x86.ActiveCfg = Release|Any CPU
		{DA01125F-2139-46D3-A6F8-73721191141C}.Release|x86.Build.0 = Release|Any CPU
		{A7CBE41C-A0E7-40D5-B74D-BB9062EDA6D9}.Debug|Any CPU.ActiveCfg = Debug|Any CPU
		{A7CBE41C-A0E7-40D5-B74D-BB9062EDA6D9}.Debug|Any CPU.Build.0 = Debug|Any CPU
		{A7CBE41C-A0E7-40D5-B74D-BB9062EDA6D9}.Debug|ARM.ActiveCfg = Debug|Any CPU
		{A7CBE41C-A0E7-40D5-B74D-BB9062EDA6D9}.Debug|ARM.Build.0 = Debug|Any CPU
		{A7CBE41C-A0E7-40D5-B74D-BB9062EDA6D9}.Debug|x64.ActiveCfg = Debug|Any CPU
		{A7CBE41C-A0E7-40D5-B74D-BB9062EDA6D9}.Debug|x64.Build.0 = Debug|Any CPU
		{A7CBE41C-A0E7-40D5-B74D-BB9062EDA6D9}.Debug|x86.ActiveCfg = Debug|Any CPU
		{A7CBE41C-A0E7-40D5-B74D-BB9062EDA6D9}.Debug|x86.Build.0 = Debug|Any CPU
		{A7CBE41C-A0E7-40D5-B74D-BB9062EDA6D9}.Release|Any CPU.ActiveCfg = Release|Any CPU
		{A7CBE41C-A0E7-40D5-B74D-BB9062EDA6D9}.Release|Any CPU.Build.0 = Release|Any CPU
		{A7CBE41C-A0E7-40D5-B74D-BB9062EDA6D9}.Release|ARM.ActiveCfg = Release|Any CPU
		{A7CBE41C-A0E7-40D5-B74D-BB9062EDA6D9}.Release|ARM.Build.0 = Release|Any CPU
		{A7CBE41C-A0E7-40D5-B74D-BB9062EDA6D9}.Release|x64.ActiveCfg = Release|Any CPU
		{A7CBE41C-A0E7-40D5-B74D-BB9062EDA6D9}.Release|x64.Build.0 = Release|Any CPU
		{A7CBE41C-A0E7-40D5-B74D-BB9062EDA6D9}.Release|x86.ActiveCfg = Release|Any CPU
		{A7CBE41C-A0E7-40D5-B74D-BB9062EDA6D9}.Release|x86.Build.0 = Release|Any CPU
		{008E89AE-847C-45C6-9FFB-6B33F3EE1074}.Debug|Any CPU.ActiveCfg = Debug|Any CPU
		{008E89AE-847C-45C6-9FFB-6B33F3EE1074}.Debug|Any CPU.Build.0 = Debug|Any CPU
		{008E89AE-847C-45C6-9FFB-6B33F3EE1074}.Debug|ARM.ActiveCfg = Debug|Any CPU
		{008E89AE-847C-45C6-9FFB-6B33F3EE1074}.Debug|ARM.Build.0 = Debug|Any CPU
		{008E89AE-847C-45C6-9FFB-6B33F3EE1074}.Debug|x64.ActiveCfg = Debug|Any CPU
		{008E89AE-847C-45C6-9FFB-6B33F3EE1074}.Debug|x64.Build.0 = Debug|Any CPU
		{008E89AE-847C-45C6-9FFB-6B33F3EE1074}.Debug|x86.ActiveCfg = Debug|Any CPU
		{008E89AE-847C-45C6-9FFB-6B33F3EE1074}.Debug|x86.Build.0 = Debug|Any CPU
		{008E89AE-847C-45C6-9FFB-6B33F3EE1074}.Release|Any CPU.ActiveCfg = Release|Any CPU
		{008E89AE-847C-45C6-9FFB-6B33F3EE1074}.Release|Any CPU.Build.0 = Release|Any CPU
		{008E89AE-847C-45C6-9FFB-6B33F3EE1074}.Release|ARM.ActiveCfg = Release|Any CPU
		{008E89AE-847C-45C6-9FFB-6B33F3EE1074}.Release|ARM.Build.0 = Release|Any CPU
		{008E89AE-847C-45C6-9FFB-6B33F3EE1074}.Release|x64.ActiveCfg = Release|Any CPU
		{008E89AE-847C-45C6-9FFB-6B33F3EE1074}.Release|x64.Build.0 = Release|Any CPU
		{008E89AE-847C-45C6-9FFB-6B33F3EE1074}.Release|x86.ActiveCfg = Release|Any CPU
		{008E89AE-847C-45C6-9FFB-6B33F3EE1074}.Release|x86.Build.0 = Release|Any CPU
		{83E8730B-0A4B-4CCE-B04B-2198EE6E020B}.Debug|Any CPU.ActiveCfg = Debug|Any CPU
		{83E8730B-0A4B-4CCE-B04B-2198EE6E020B}.Debug|Any CPU.Build.0 = Debug|Any CPU
		{83E8730B-0A4B-4CCE-B04B-2198EE6E020B}.Debug|ARM.ActiveCfg = Debug|Any CPU
		{83E8730B-0A4B-4CCE-B04B-2198EE6E020B}.Debug|ARM.Build.0 = Debug|Any CPU
		{83E8730B-0A4B-4CCE-B04B-2198EE6E020B}.Debug|x64.ActiveCfg = Debug|Any CPU
		{83E8730B-0A4B-4CCE-B04B-2198EE6E020B}.Debug|x64.Build.0 = Debug|Any CPU
		{83E8730B-0A4B-4CCE-B04B-2198EE6E020B}.Debug|x86.ActiveCfg = Debug|Any CPU
		{83E8730B-0A4B-4CCE-B04B-2198EE6E020B}.Debug|x86.Build.0 = Debug|Any CPU
		{83E8730B-0A4B-4CCE-B04B-2198EE6E020B}.Release|Any CPU.ActiveCfg = Release|Any CPU
		{83E8730B-0A4B-4CCE-B04B-2198EE6E020B}.Release|Any CPU.Build.0 = Release|Any CPU
		{83E8730B-0A4B-4CCE-B04B-2198EE6E020B}.Release|ARM.ActiveCfg = Release|Any CPU
		{83E8730B-0A4B-4CCE-B04B-2198EE6E020B}.Release|ARM.Build.0 = Release|Any CPU
		{83E8730B-0A4B-4CCE-B04B-2198EE6E020B}.Release|x64.ActiveCfg = Release|Any CPU
		{83E8730B-0A4B-4CCE-B04B-2198EE6E020B}.Release|x64.Build.0 = Release|Any CPU
		{83E8730B-0A4B-4CCE-B04B-2198EE6E020B}.Release|x86.ActiveCfg = Release|Any CPU
		{83E8730B-0A4B-4CCE-B04B-2198EE6E020B}.Release|x86.Build.0 = Release|Any CPU
		{BC1839BC-E468-4237-82DE-036D212D503B}.Debug|Any CPU.ActiveCfg = Debug|x86
		{BC1839BC-E468-4237-82DE-036D212D503B}.Debug|ARM.ActiveCfg = Debug|ARM
		{BC1839BC-E468-4237-82DE-036D212D503B}.Debug|ARM.Build.0 = Debug|ARM
		{BC1839BC-E468-4237-82DE-036D212D503B}.Debug|ARM.Deploy.0 = Debug|ARM
		{BC1839BC-E468-4237-82DE-036D212D503B}.Debug|x64.ActiveCfg = Debug|x64
		{BC1839BC-E468-4237-82DE-036D212D503B}.Debug|x64.Build.0 = Debug|x64
		{BC1839BC-E468-4237-82DE-036D212D503B}.Debug|x64.Deploy.0 = Debug|x64
		{BC1839BC-E468-4237-82DE-036D212D503B}.Debug|x86.ActiveCfg = Debug|x86
		{BC1839BC-E468-4237-82DE-036D212D503B}.Debug|x86.Build.0 = Debug|x86
		{BC1839BC-E468-4237-82DE-036D212D503B}.Debug|x86.Deploy.0 = Debug|x86
		{BC1839BC-E468-4237-82DE-036D212D503B}.Release|Any CPU.ActiveCfg = Release|x86
		{BC1839BC-E468-4237-82DE-036D212D503B}.Release|ARM.ActiveCfg = Release|ARM
		{BC1839BC-E468-4237-82DE-036D212D503B}.Release|ARM.Build.0 = Release|ARM
		{BC1839BC-E468-4237-82DE-036D212D503B}.Release|ARM.Deploy.0 = Release|ARM
		{BC1839BC-E468-4237-82DE-036D212D503B}.Release|x64.ActiveCfg = Release|x64
		{BC1839BC-E468-4237-82DE-036D212D503B}.Release|x64.Build.0 = Release|x64
		{BC1839BC-E468-4237-82DE-036D212D503B}.Release|x64.Deploy.0 = Release|x64
		{BC1839BC-E468-4237-82DE-036D212D503B}.Release|x86.ActiveCfg = Release|x86
		{BC1839BC-E468-4237-82DE-036D212D503B}.Release|x86.Build.0 = Release|x86
		{BC1839BC-E468-4237-82DE-036D212D503B}.Release|x86.Deploy.0 = Release|x86
		{56BC149E-7154-4CF8-A25E-FA5EB7BE6721}.Debug|Any CPU.ActiveCfg = Debug|Any CPU
		{56BC149E-7154-4CF8-A25E-FA5EB7BE6721}.Debug|Any CPU.Build.0 = Debug|Any CPU
		{56BC149E-7154-4CF8-A25E-FA5EB7BE6721}.Debug|Any CPU.Deploy.0 = Debug|Any CPU
		{56BC149E-7154-4CF8-A25E-FA5EB7BE6721}.Debug|ARM.ActiveCfg = Debug|Any CPU
		{56BC149E-7154-4CF8-A25E-FA5EB7BE6721}.Debug|ARM.Build.0 = Debug|Any CPU
		{56BC149E-7154-4CF8-A25E-FA5EB7BE6721}.Debug|ARM.Deploy.0 = Debug|Any CPU
		{56BC149E-7154-4CF8-A25E-FA5EB7BE6721}.Debug|x64.ActiveCfg = Debug|Any CPU
		{56BC149E-7154-4CF8-A25E-FA5EB7BE6721}.Debug|x64.Build.0 = Debug|Any CPU
		{56BC149E-7154-4CF8-A25E-FA5EB7BE6721}.Debug|x64.Deploy.0 = Debug|Any CPU
		{56BC149E-7154-4CF8-A25E-FA5EB7BE6721}.Debug|x86.ActiveCfg = Debug|Any CPU
		{56BC149E-7154-4CF8-A25E-FA5EB7BE6721}.Debug|x86.Build.0 = Debug|Any CPU
		{56BC149E-7154-4CF8-A25E-FA5EB7BE6721}.Debug|x86.Deploy.0 = Debug|Any CPU
		{56BC149E-7154-4CF8-A25E-FA5EB7BE6721}.Release|Any CPU.ActiveCfg = Release|Any CPU
		{56BC149E-7154-4CF8-A25E-FA5EB7BE6721}.Release|Any CPU.Build.0 = Release|Any CPU
		{56BC149E-7154-4CF8-A25E-FA5EB7BE6721}.Release|Any CPU.Deploy.0 = Release|Any CPU
		{56BC149E-7154-4CF8-A25E-FA5EB7BE6721}.Release|ARM.ActiveCfg = Release|Any CPU
		{56BC149E-7154-4CF8-A25E-FA5EB7BE6721}.Release|ARM.Build.0 = Release|Any CPU
		{56BC149E-7154-4CF8-A25E-FA5EB7BE6721}.Release|ARM.Deploy.0 = Release|Any CPU
		{56BC149E-7154-4CF8-A25E-FA5EB7BE6721}.Release|x64.ActiveCfg = Release|Any CPU
		{56BC149E-7154-4CF8-A25E-FA5EB7BE6721}.Release|x64.Build.0 = Release|Any CPU
		{56BC149E-7154-4CF8-A25E-FA5EB7BE6721}.Release|x64.Deploy.0 = Release|Any CPU
		{56BC149E-7154-4CF8-A25E-FA5EB7BE6721}.Release|x86.ActiveCfg = Release|Any CPU
		{56BC149E-7154-4CF8-A25E-FA5EB7BE6721}.Release|x86.Build.0 = Release|Any CPU
		{56BC149E-7154-4CF8-A25E-FA5EB7BE6721}.Release|x86.Deploy.0 = Release|Any CPU
		{18B15942-327A-4F39-9184-FA0B97238FA7}.Debug|Any CPU.ActiveCfg = Debug|Any CPU
		{18B15942-327A-4F39-9184-FA0B97238FA7}.Debug|Any CPU.Build.0 = Debug|Any CPU
		{18B15942-327A-4F39-9184-FA0B97238FA7}.Debug|ARM.ActiveCfg = Debug|Any CPU
		{18B15942-327A-4F39-9184-FA0B97238FA7}.Debug|ARM.Build.0 = Debug|Any CPU
		{18B15942-327A-4F39-9184-FA0B97238FA7}.Debug|x64.ActiveCfg = Debug|Any CPU
		{18B15942-327A-4F39-9184-FA0B97238FA7}.Debug|x64.Build.0 = Debug|Any CPU
		{18B15942-327A-4F39-9184-FA0B97238FA7}.Debug|x86.ActiveCfg = Debug|Any CPU
		{18B15942-327A-4F39-9184-FA0B97238FA7}.Debug|x86.Build.0 = Debug|Any CPU
		{18B15942-327A-4F39-9184-FA0B97238FA7}.Release|Any CPU.ActiveCfg = Release|Any CPU
		{18B15942-327A-4F39-9184-FA0B97238FA7}.Release|Any CPU.Build.0 = Release|Any CPU
		{18B15942-327A-4F39-9184-FA0B97238FA7}.Release|ARM.ActiveCfg = Release|Any CPU
		{18B15942-327A-4F39-9184-FA0B97238FA7}.Release|ARM.Build.0 = Release|Any CPU
		{18B15942-327A-4F39-9184-FA0B97238FA7}.Release|x64.ActiveCfg = Release|Any CPU
		{18B15942-327A-4F39-9184-FA0B97238FA7}.Release|x64.Build.0 = Release|Any CPU
		{18B15942-327A-4F39-9184-FA0B97238FA7}.Release|x86.ActiveCfg = Release|Any CPU
		{18B15942-327A-4F39-9184-FA0B97238FA7}.Release|x86.Build.0 = Release|Any CPU
	EndGlobalSection
	GlobalSection(SolutionProperties) = preSolution
		HideSolutionNode = FALSE
	EndGlobalSection
	GlobalSection(ExtensibilityGlobals) = postSolution
		SolutionGuid = {A0D055B4-E407-4830-A94B-7FA52A9E199B}
	EndGlobalSection
EndGlobal
